{
  "name": "p2p-workshop",
  "version": "1.0.0",
  "lockfileVersion": 1,
  "dependencies": {
    "bencode": {
      "version": "0.11.0",
      "resolved": "https://registry.npmjs.org/bencode/-/bencode-0.11.0.tgz",
      "integrity": "sha1-fqZdTOADADk6Q6ktVkC2+wIE3GQ="
    },
    "bittorrent-dht": {
      "version": "7.5.3",
      "resolved": "https://registry.npmjs.org/bittorrent-dht/-/bittorrent-dht-7.5.3.tgz",
      "integrity": "sha1-6Ia0GDd3x4iWvpZ8bA68O80vvkQ="
    },
    "buffer-equals": {
      "version": "1.0.4",
      "resolved": "https://registry.npmjs.org/buffer-equals/-/buffer-equals-1.0.4.tgz",
      "integrity": "sha1-A1O1T9B/2VZBcGca5vZrnPENJ/U="
    },
    "buffer-indexof": {
      "version": "1.1.0",
      "resolved": "https://registry.npmjs.org/buffer-indexof/-/buffer-indexof-1.1.0.tgz",
      "integrity": "sha1-9U9kfE9OJSKLqmVqLlfkPV8nCYI="
    },
    "debug": {
      "version": "2.6.8",
      "resolved": "https://registry.npmjs.org/debug/-/debug-2.6.8.tgz",
      "integrity": "sha1-5zFTHKLt4n0YgiJCfaF4IdaP9Pw="
    },
    "discovery-channel": {
      "version": "5.4.4",
      "resolved": "https://registry.npmjs.org/discovery-channel/-/discovery-channel-5.4.4.tgz",
      "integrity": "sha1-M2MZazS61fQj4T8AE31s23yQJys="
    },
    "dns-discovery": {
      "version": "5.6.0",
      "resolved": "https://registry.npmjs.org/dns-discovery/-/dns-discovery-5.6.0.tgz",
      "integrity": "sha1-hZT1/zUzfA7y5Jegf1xAwMWGtuQ=",
      "dependencies": {
        "lru": {
          "version": "2.0.1",
          "resolved": "https://registry.npmjs.org/lru/-/lru-2.0.1.tgz",
          "integrity": "sha1-+XmHHhYuP1yiVL5GhExT1MU2RUQ="
        }
      }
    },
    "dns-packet": {
      "version": "1.1.1",
      "resolved": "https://registry.npmjs.org/dns-packet/-/dns-packet-1.1.1.tgz",
      "integrity": "sha1-I2nUUDivBF84mOb6VoYq7T9AKWw="
    },
    "dns-socket": {
      "version": "1.6.1",
      "resolved": "https://registry.npmjs.org/dns-socket/-/dns-socket-1.6.1.tgz",
      "integrity": "sha1-P5spxDGEszMshW6cNKamv3N1a70="
    },
    "dns-txt": {
      "version": "2.0.2",
      "resolved": "https://registry.npmjs.org/dns-txt/-/dns-txt-2.0.2.tgz",
      "integrity": "sha1-uR2Ab10nGI5Ks+fRB9iBocxGQrY="
    },
    "end-of-stream": {
      "version": "1.4.0",
      "resolved": "https://registry.npmjs.org/end-of-stream/-/end-of-stream-1.4.0.tgz",
      "integrity": "sha1-epDYM+/abPpurA9JSduw+tOmMgY="
    },
    "inherits": {
      "version": "2.0.3",
      "resolved": "https://registry.npmjs.org/inherits/-/inherits-2.0.3.tgz",
      "integrity": "sha1-Yzwsg+PaQqUC9SRmAiSA9CCCYd4="
    },
    "ip": {
      "version": "1.1.5",
      "resolved": "https://registry.npmjs.org/ip/-/ip-1.1.5.tgz",
      "integrity": "sha1-vd7XARQpCCjAoDnnLvJfWq7ENUo="
    },
    "k-bucket": {
      "version": "3.2.1",
      "resolved": "https://registry.npmjs.org/k-bucket/-/k-bucket-3.2.1.tgz",
      "integrity": "sha1-IA0H8CATQ27WcmWVDsmPYrspL2I="
    },
    "k-rpc": {
      "version": "4.0.2",
      "resolved": "https://registry.npmjs.org/k-rpc/-/k-rpc-4.0.2.tgz",
      "integrity": "sha1-xTY9XFmg8XG+A2T2aDpHNefOa6o="
    },
    "k-rpc-socket": {
      "version": "1.6.2",
      "resolved": "https://registry.npmjs.org/k-rpc-socket/-/k-rpc-socket-1.6.2.tgz",
      "integrity": "sha1-XJ6fNKBY9D/+ZRI1TZiVekFpTyE="
    },
    "lru": {
      "version": "3.1.0",
      "resolved": "https://registry.npmjs.org/lru/-/lru-3.1.0.tgz",
      "integrity": "sha1-6n+4VG2DczOWoTCR12z+tMBoN9U="
    },
    "minimist": {
      "version": "1.2.0",
      "resolved": "https://registry.npmjs.org/minimist/-/minimist-1.2.0.tgz",
      "integrity": "sha1-o1AIsg9BOD7sH7kU9M1d95omQoQ="
    },
    "ms": {
      "version": "2.0.0",
      "resolved": "https://registry.npmjs.org/ms/-/ms-2.0.0.tgz",
      "integrity": "sha1-VgiurfwAvmwpAd9fmGF4jeDVl8g="
    },
    "multicast-dns": {
      "version": "6.1.1",
      "resolved": "https://registry.npmjs.org/multicast-dns/-/multicast-dns-6.1.1.tgz",
      "integrity": "sha1-bn3oalcIcqsXBYrepxYLvsqBTd4="
    },
    "network-address": {
      "version": "1.1.2",
      "resolved": "https://registry.npmjs.org/network-address/-/network-address-1.1.2.tgz",
      "integrity": "sha1-Sqe/1D8D8LgclwKxPWqFjdsybz4="
    },
    "once": {
      "version": "1.4.0",
      "resolved": "https://registry.npmjs.org/once/-/once-1.4.0.tgz",
      "integrity": "sha1-WDsap3WWHUsROsF9nFC6753Xa9E="
    },
    "pretty-hash": {
      "version": "1.0.1",
      "resolved": "https://registry.npmjs.org/pretty-hash/-/pretty-hash-1.0.1.tgz",
      "integrity": "sha1-FuBXkYje9WvbVliSvNBaXWUySAc="
    },
    "pump": {
      "version": "1.0.2",
      "resolved": "https://registry.npmjs.org/pump/-/pump-1.0.2.tgz",
      "integrity": "sha1-Oz7mUS+U8OV1U4wXmV+fFpkKXVE="
    },
    "randombytes": {
      "version": "2.0.4",
      "resolved": "https://registry.npmjs.org/randombytes/-/randombytes-2.0.4.tgz",
      "integrity": "sha1-lVHfIIQiyPgOtY4jJt0LhA/yLv0="
    },
    "safe-buffer": {
      "version": "5.1.0",
      "resolved": "https://registry.npmjs.org/safe-buffer/-/safe-buffer-5.1.0.tgz",
      "integrity": "sha512-aSLEDudu6OoRr/2rU609gRmnYboRLxgDG1z9o2Q0os7236FwvcqIOO8r8U5JUEwivZOhDaKlFO4SbPTJYyBEyQ=="
    },
    "stream-hash": {
      "version": "1.0.2",
      "resolved": "https://registry.npmjs.org/stream-hash/-/stream-hash-1.0.2.tgz",
      "integrity": "sha1-yKBIEbAVyCsTZAg2UNvoyde/VA8="
    },
    "thunky": {
      "version": "0.1.0",
      "resolved": "https://registry.npmjs.org/thunky/-/thunky-0.1.0.tgz",
      "integrity": "sha1-vzAUaCTituZ7Dy16Ssi+smkIaE4="
    },
    "unordered-set": {
      "version": "1.1.0",
      "resolved": "https://registry.npmjs.org/unordered-set/-/unordered-set-1.1.0.tgz",
      "integrity": "sha1-K6fvMW7dC5WQzFR8dPdqLxZP7Mo="
    },
    "wrappy": {
      "version": "1.0.2",
      "resolved": "https://registry.npmjs.org/wrappy/-/wrappy-1.0.2.tgz",
      "integrity": "sha1-tSQ9jz7BqjXxNkYFvA0QNuMKtp8="
    }
  }
}
